// !$*UTF8*$!
{
	archiveVersion = 1;
	classes = {
	};
	objectVersion = 48;
	objects = {

/* Begin PBXBuildFile section */
		F472DFC61F429F920063F9B2 /* AppDelegate.swift in Sources */ = {isa = PBXBuildFile; fileRef = F472DFC51F429F920063F9B2 /* AppDelegate.swift */; };
		F472DFC81F429F920063F9B2 /* ViewController.swift in Sources */ = {isa = PBXBuildFile; fileRef = F472DFC71F429F920063F9B2 /* ViewController.swift */; };
		F472DFCB1F429F920063F9B2 /* Main.storyboard in Resources */ = {isa = PBXBuildFile; fileRef = F472DFC91F429F920063F9B2 /* Main.storyboard */; };
		F472DFD01F429F920063F9B2 /* LaunchScreen.storyboard in Resources */ = {isa = PBXBuildFile; fileRef = F472DFCE1F429F920063F9B2 /* LaunchScreen.storyboard */; };
		F4DE42A11F43DFF6009F1959 /* Circle@2x.png in Resources */ = {isa = PBXBuildFile; fileRef = F4DE42A01F43DFF6009F1959 /* Circle@2x.png */; };
/* End PBXBuildFile section */

/* Begin PBXFileReference section */
		F472DFC21F429F920063F9B2 /* AdvancedAnimations.app */ = {isa = PBXFileReference; explicitFileType = wrapper.application; includeInIndex = 0; path = AdvancedAnimations.app; sourceTree = BUILT_PRODUCTS_DIR; };
		F472DFC51F429F920063F9B2 /* AppDelegate.swift */ = {isa = PBXFileReference; lastKnownFileType = sourcecode.swift; path = AppDelegate.swift; sourceTree = "<group>"; };
		F472DFC71F429F920063F9B2 /* ViewController.swift */ = {isa = PBXFileReference; lastKnownFileType = sourcecode.swift; path = ViewController.swift; sourceTree = "<group>"; };
		F472DFCA1F429F920063F9B2 /* Base */ = {isa = PBXFileReference; lastKnownFileType = file.storyboard; name = Base; path = Base.lproj/Main.storyboard; sourceTree = "<group>"; };
		F472DFCF1F429F920063F9B2 /* Base */ = {isa = PBXFileReference; lastKnownFileType = file.storyboard; name = Base; path = Base.lproj/LaunchScreen.storyboard; sourceTree = "<group>"; };
		F472DFD11F429F920063F9B2 /* Info.plist */ = {isa = PBXFileReference; lastKnownFileType = text.plist.xml; path = Info.plist; sourceTree = "<group>"; };
		F4DE42A01F43DFF6009F1959 /* Circle@2x.png */ = {isa = PBXFileReference; lastKnownFileType = image.png; name = "Circle@2x.png"; path = "../../../../.Trash/Circle@2x.png"; sourceTree = "<group>"; };
/* End PBXFileReference section */

/* Begin PBXFrameworksBuildPhase section */
		F472DFBF1F429F920063F9B2 /* Frameworks */ = {
			isa = PBXFrameworksBuildPhase;
			buildActionMask = 2147483647;
			files = (
			);
			runOnlyForDeploymentPostprocessing = 0;
		};
/* End PBXFrameworksBuildPhase section */

/* Begin PBXGroup section */
		F472DFB91F429F920063F9B2 = {
			isa = PBXGroup;
			children = (
				F472DFC41F429F920063F9B2 /* AdvancedAnimations */,
				F472DFC31F429F920063F9B2 /* Products */,
			);
			sourceTree = "<group>";
		};
		F472DFC31F429F920063F9B2 /* Products */ = {
			isa = PBXGroup;
			children = (
				F472DFC21F429F920063F9B2 /* AdvancedAnimations.app */,
			);
			name = Products;
			sourceTree = "<group>";
		};
		F472DFC41F429F920063F9B2 /* AdvancedAnimations */ = {
			isa = PBXGroup;
			children = (
				F472DFC51F429F920063F9B2 /* AppDelegate.swift */,
				F472DFC71F429F920063F9B2 /* ViewController.swift */,
				F472DFC91F429F920063F9B2 /* Main.storyboard */,
				F472DFCE1F429F920063F9B2 /* LaunchScreen.storyboard */,
				F472DFD11F429F920063F9B2 /* Info.plist */,
				F4DE42A01F43DFF6009F1959 /* Circle@2x.png */,
			);
			path = AdvancedAnimations;
			sourceTree = "<group>";
		};
/* End PBXGroup section */

/* Begin PBXNativeTarget section */
		F472DFC11F429F920063F9B2 /* AdvancedAnimations */ = {
			isa = PBXNativeTarget;
			buildConfigurationList = F472DFD41F429F920063F9B2 /* Build configuration list for PBXNativeTarget "AdvancedAnimations" */;
			buildPhases = (
				F472DFBE1F429F920063F9B2 /* Sources */,
				F472DFBF1F429F920063F9B2 /* Frameworks */,
				F472DFC01F429F920063F9B2 /* Resources */,
			);
			buildRules = (
			);
			dependencies = (
			);
			name = AdvancedAnimations;
			productName = AdvancedAnimations;
			productReference = F472DFC21F429F920063F9B2 /* AdvancedAnimations.app */;
			productType = "com.apple.product-type.application";
		};
/* End PBXNativeTarget section */

/* Begin PBXProject section */
		F472DFBA1F429F920063F9B2 /* Project object */ = {
			isa = PBXProject;
			attributes = {
				LastSwiftUpdateCheck = 0900;
				LastUpgradeCheck = 0900;
				ORGANIZATIONNAME = NTTDATA.INC;
				TargetAttributes = {
					F472DFC11F429F920063F9B2 = {
						CreatedOnToolsVersion = 9.0;
					};
				};
			};
			buildConfigurationList = F472DFBD1F429F920063F9B2 /* Build configuration list for PBXProject "AdvancedAnimations" */;
			compatibilityVersion = "Xcode 8.0";
			developmentRegion = en;
			hasScannedForEncodings = 0;
			knownRegions = (
				en,
				Base,
			);
			mainGroup = F472DFB91F429F920063F9B2;
			productRefGroup = F472DFC31F429F920063F9B2 /* Products */;
			projectDirPath = "";
			projectRoot = "";
			targets = (
				F472DFC11F429F920063F9B2 /* AdvancedAnimations */,
			);
		};
/* End PBXProject section */

/* Begin PBXResourcesBuildPhase section */
		F472DFC01F429F920063F9B2 /* Resources */ = {
			isa = PBXResourcesBuildPhase;
			buildActionMask = 2147483647;
			files = (
				F4DE42A11F43DFF6009F1959 /* Circle@2x.png in Resources */,
				F472DFD01F429F920063F9B2 /* LaunchScreen.storyboard in Resources */,
				F472DFCB1F429F920063F9B2 /* Main.storyboard in Resources */,
			);
			runOnlyForDeploymentPostprocessing = 0;
		};
/* End PBXResourcesBuildPhase section */

/* Begin PBXSourcesBuildPhase section */
		F472DFBE1F429F920063F9B2 /* Sources */ = {
			isa = PBXSourcesBuildPhase;
			buildActionMask = 2147483647;
			files = (
				F472DFC81F429F920063F9B2 /* ViewController.swift in Sources */,
				F472DFC61F429F920063F9B2 /* AppDelegate.swift in Sources */,
			);
			runOnlyForDeploymentPostprocessing = 0;
		};
/* End PBXSourcesBuildPhase section */

/* Begin PBXVariantGroup section */
		F472DFC91F429F920063F9B2 /* Main.storyboard */ = {
			isa = PBXVariantGroup;
			children = (
				F472DFCA1F429F920063F9B2 /* Base */,
			);
			name = Main.storyboard;
			sourceTree = "<group>";
		};
		F472DFCE1F429F920063F9B2 /* LaunchScreen.storyboard */ = {
			isa = PBXVariantGroup;
			children = (
				F472DFCF1F429F920063F9B2 /* Base */,
			);
			name = LaunchScreen.storyboard;
			sourceTree = "<group>";
		};
/* End PBXVariantGroup section */

/* Begin XCBuildConfiguration section */
		F472DFD21F429F920063F9B2 /* Debug */ = {
			isa = XCBuildConfiguration;
			buildSettings = {
				ALWAYS_SEARCH_USER_PATHS = NO;
				CLANG_ANALYZER_NONNULL = YES;
				CLANG_ANALYZER_NUMBER_OBJECT_CONVERSION = YES_AGGRESSIVE;
				CLANG_CXX_LANGUAGE_STANDARD = "gnu++14";
				CLANG_CXX_LIBRARY = "libc++";
				CLANG_ENABLE_MODULES = YES;
				CLANG_ENABLE_OBJC_ARC = YES;
				CLANG_WARN_BLOCK_CAPTURE_AUTORELEASING = YES;
				CLANG_WARN_BOOL_CONVERSION = YES;
				CLANG_WARN_COMMA = YES;
				CLANG_WARN_CONSTANT_CONVERSION = YES;
				CLANG_WARN_DIRECT_OBJC_ISA_USAGE = YES_ERROR;
				CLANG_WARN_DOCUMENTATION_COMMENTS = YES;
				CLANG_WARN_EMPTY_BODY = YES;
				CLANG_WARN_ENUM_CONVERSION = YES;
				CLANG_WARN_INFINITE_RECURSION = YES;
				CLANG_WARN_INT_CONVERSION = YES;
				CLANG_WARN_NON_LITERAL_NULL_CONVERSION = YES;
				CLANG_WARN_OBJC_LITERAL_CONVERSION = YES;
				CLANG_WARN_OBJC_ROOT_CLASS = YES_ERROR;
				CLANG_WARN_RANGE_LOOP_ANALYSIS = YES;
				CLANG_WARN_STRICT_PROTOTYPES = YES;
				CLANG_WARN_SUSPICIOUS_MOVE = YES;
				CLANG_WARN_UNGUARDED_AVAILABILITY = YES_AGGRESSIVE;
				CLANG_WARN_UNREACHABLE_CODE = YES;
				CLANG_WARN__DUPLICATE_METHOD_MATCH = YES;
				CODE_SIGN_IDENTITY = "iPhone Developer";
				COPY_PHASE_STRIP = NO;
				DEBUG_INFORMATION_FORMAT = dwarf;
				ENABLE_STRICT_OBJC_MSGSEND = YES;
				ENABLE_TESTABILITY = YES;
				GCC_C_LANGUAGE_STANDARD = gnu11;
				GCC_DYNAMIC_NO_PIC = NO;
				GCC_NO_COMMON_BLOCKS = YES;
				GCC_OPTIMIZATION_LEVEL = 0;
				GCC_PREPROCESSOR_DEFINITIONS = (
					"DEBUG=1",
					"$(inherited)",
				);
				GCC_WARN_64_TO_32_BIT_CONVERSION = YES;
				GCC_WARN_ABOUT_RETURN_TYPE = YES_ERROR;
				GCC_WARN_UNDECLARED_SELECTOR = YES;
				GCC_WARN_UNINITIALIZED_AUTOS = YES_AGGRESSIVE;
				GCC_WARN_UNUSED_FUNCTION = YES;
				GCC_WARN_UNUSED_VARIABLE = YES;
				IPHONEOS_DEPLOYMENT_TARGET = 11.0;
				MTL_ENABLE_DEBUG_INFO = YES;
				ONLY_ACTIVE_ARCH = YES;
				SDKROOT = iphoneos;
				SWIFT_ACTIVE_COMPILATION_CONDITIONS = DEBUG;
				SWIFT_OPTIMIZATION_LEVEL = "-Onone";
			};
			name = Debug;
		};
		F472DFD31F429F920063F9B2 /* Release */ = {
			isa = XCBuildConfiguration;
			buildSettings = {
				ALWAYS_SEARCH_USER_PATHS = NO;
				CLANG_ANALYZER_NONNULL = YES;
				CLANG_ANALYZER_NUMBER_OBJECT_CONVERSION = YES_AGGRESSIVE;
				CLANG_CXX_LANGUAGE_STANDARD = "gnu++14";
				CLANG_CXX_LIBRARY = "libc++";
				CLANG_ENABLE_MODULES = YES;
				CLANG_ENABLE_OBJC_ARC = YES;
				CLANG_WARN_BLOCK_CAPTURE_AUTORELEASING = YES;
				CLANG_WARN_BOOL_CONVERSION = YES;
				CLANG_WARN_COMMA = YES;
				CLANG_WARN_CONSTANT_CONVERSION = YES;
				CLANG_WARN_DIRECT_OBJC_ISA_USAGE = YES_ERROR;
				CLANG_WARN_DOCUMENTATION_COMMENTS = YES;
				CLANG_WARN_EMPTY_BODY = YES;
				CLANG_WARN_ENUM_CONVERSION = YES;
				CLANG_WARN_INFINITE_RECURSION = YES;
				CLANG_WARN_INT_CONVERSION = YES;
				CLANG_WARN_NON_LITERAL_NULL_CONVERSION = YES;
				CLANG_WARN_OBJC_LITERAL_CONVERSION = YES;
				CLANG_WARN_OBJC_ROOT_CLASS = YES_ERROR;
				CLANG_WARN_RANGE_LOOP_ANALYSIS = YES;
				CLANG_WARN_STRICT_PROTOTYPES = YES;
				CLANG_WARN_SUSPICIOUS_MOVE = YES;
				CLANG_WARN_UNGUARDED_AVAILABILITY = YES_AGGRESSIVE;
				CLANG_WARN_UNREACHABLE_CODE = YES;
				CLANG_WARN__DUPLICATE_METHOD_MATCH = YES;
				CODE_SIGN_IDENTITY = "iPhone Developer";
				COPY_PHASE_STRIP = NO;
				DEBUG_INFORMATION_FORMAT = "dwarf-with-dsym";
				ENABLE_NS_ASSERTIONS = NO;
				ENABLE_STRICT_OBJC_MSGSEND = YES;
				GCC_C_LANGUAGE_STANDARD = gnu11;
				GCC_NO_COMMON_BLOCKS = YES;
				GCC_WARN_64_TO_32_BIT_CONVERSION = YES;
				GCC_WARN_ABOUT_RETURN_TYPE = YES_ERROR;
				GCC_WARN_UNDECLARED_SELECTOR = YES;
				GCC_WARN_UNINITIALIZED_AUTOS = YES_AGGRESSIVE;
				GCC_WARN_UNUSED_FUNCTION = YES;
				GCC_WARN_UNUSED_VARIABLE = YES;
				IPHONEOS_DEPLOYMENT_TARGET = 11.0;
				MTL_ENABLE_DEBUG_INFO = NO;
				SDKROOT = iphoneos;
				SWIFT_OPTIMIZATION_LEVEL = "-Owholemodule";
				VALIDATE_PRODUCT = YES;
			};
			name = Release;
		};
		F472DFD51F429F920063F9B2 /* Debug */ = {
			isa = XCBuildConfiguration;
			buildSettings = {
				ASSETCATALOG_COMPILER_APPICON_NAME = AppIcon;
				DEVELOPMENT_TEAM = FT6TJ2J4WY;
				INFOPLIST_FILE = AdvancedAnimations/Info.plist;
				LD_RUNPATH_SEARCH_PATHS = "$(inherited) @executable_path/Frameworks";
				PRODUCT_BUNDLE_IDENTIFIER = NTTDATA.INC.AdvancedAnimations;
				PRODUCT_NAME = "$(TARGET_NAME)";
				SWIFT_VERSION = 4.0;
				TARGETED_DEVICE_FAMILY = "1,2";
			};
			name = Debug;
		};
		F472DFD61F429F920063F9B2 /* Release */ = {
			isa = XCBuildConfiguration;
			buildSettings = {
				ASSETCATALOG_COMPILER_APPICON_NAME = AppIcon;
				DEVELOPMENT_TEAM = FT6TJ2J4WY;
				INFOPLIST_FILE = AdvancedAnimations/Info.plist;
				LD_RUNPATH_SEARCH_PATHS = "$(inherited) @executable_path/Frameworks";
				PRODUCT_BUNDLE_IDENTIFIER = NTTDATA.INC.AdvancedAnimations;
				PRODUCT_NAME = "$(TARGET_NAME)";
				SWIFT_VERSION = 4.0;
				TARGETED_DEVICE_FAMILY = "1,2";
			};
			name = Release;
		};
/* End XCBuildConfiguration section */

/* Begin XCConfigurationList section */
		F472DFBD1F429F920063F9B2 /* Build configuration list for PBXProject "AdvancedAnimations" */ = {
			isa = XCConfigurationList;
			buildConfigurations = (
				F472DFD21F429F920063F9B2 /* Debug */,
				F472DFD31F429F920063F9B2 /* Release */,
			);
			defaultConfigurationIsVisible = 0;
			defaultConfigurationName = Release;
		};
		F472DFD41F429F920063F9B2 /* Build configuration list for PBXNativeTarget "AdvancedAnimations" */ = {
			isa = XCConfigurationList;
			buildConfigurations = (
				F472DFD51F429F920063F9B2 /* Debug */,
				F472DFD61F429F920063F9B2 /* Release */,
			);
			defaultConfigurationIsVisible = 0;
			defaultConfigurationName = Release;
		};
/* End XCConfigurationList section */
	};
	rootObject = F472DFBA1F429F920063F9B2 /* Project object */;
}
